
Microsoft Visual Studio Solution File, Format Version 12.00
# Visual Studio Version 17
VisualStudioVersion = 17.7.34031.279
MinimumVisualStudioVersion = 10.0.40219.1
Project("{FAE04EC0-301F-11D3-BF4B-00C04F79EFBC}") = "premier_programme", "premier_programme\premier_programme.csproj", "{58721404-7DCD-47B6-92C6-7C32A80F5F01}"
EndProject
Global
	GlobalSection(SolutionConfigurationPlatforms) = preSolution
		Debug|Any CPU = Debug|Any CPU
		Release|Any CPU = Release|Any CPU
	EndGlobalSection
	GlobalSection(ProjectConfigurationPlatforms) = postSolution
		{58721404-7DCD-47B6-92C6-7C32A80F5F01}.Debug|Any CPU.ActiveCfg = Debug|Any CPU
		{58721404-7DCD-47B6-92C6-7C32A80F5F01}.Debug|Any CPU.Build.0 = Debug|Any CPU
		{58721404-7DCD-47B6-92C6-7C32A80F5F01}.Release|Any CPU.ActiveCfg = Release|Any CPU
		{58721404-7DCD-47B6-92C6-7C32A80F5F01}.Release|Any CPU.Build.0 = Release|Any CPU
	EndGlobalSection
	GlobalSection(SolutionProperties) = preSolution
		HideSolutionNode = FALSE
	EndGlobalSection
	GlobalSection(ExtensibilityGlobals) = postSolution
		SolutionGuid = {3A49ED62-39BC-4F0B-B32F-2557D52E9F11}
	EndGlobalSection
EndGlobal
