
Microsoft Visual Studio Solution File, Format Version 12.00
# Visual Studio Version 17
VisualStudioVersion = 17.7.34031.279
MinimumVisualStudioVersion = 10.0.40219.1
Project("{FAE04EC0-301F-11D3-BF4B-00C04F79EFBC}") = "nouveautes_cs9", "nouveautes_cs9\nouveautes_cs9.csproj", "{8F33F838-A8BB-4044-8DF0-A9EB17331CC9}"
EndProject
Global
	GlobalSection(SolutionConfigurationPlatforms) = preSolution
		Debug|Any CPU = Debug|Any CPU
		Release|Any CPU = Release|Any CPU
	EndGlobalSection
	GlobalSection(ProjectConfigurationPlatforms) = postSolution
		{8F33F838-A8BB-4044-8DF0-A9EB17331CC9}.Debug|Any CPU.ActiveCfg = Debug|Any CPU
		{8F33F838-A8BB-4044-8DF0-A9EB17331CC9}.Debug|Any CPU.Build.0 = Debug|Any CPU
		{8F33F838-A8BB-4044-8DF0-A9EB17331CC9}.Release|Any CPU.ActiveCfg = Release|Any CPU
		{8F33F838-A8BB-4044-8DF0-A9EB17331CC9}.Release|Any CPU.Build.0 = Release|Any CPU
	EndGlobalSection
	GlobalSection(SolutionProperties) = preSolution
		HideSolutionNode = FALSE
	EndGlobalSection
	GlobalSection(ExtensibilityGlobals) = postSolution
		SolutionGuid = {96A25D37-9686-4544-B1F0-191CD195B623}
	EndGlobalSection
EndGlobal
