
Microsoft Visual Studio Solution File, Format Version 12.00
# Visual Studio Version 17
VisualStudioVersion = 17.7.34031.279
MinimumVisualStudioVersion = 10.0.40219.1
Project("{FAE04EC0-301F-11D3-BF4B-00C04F79EFBC}") = "jeu_de_maths", "jeu_de_maths\jeu_de_maths.csproj", "{450000A1-0C15-4ECD-9C96-5F5DF2F5566C}"
EndProject
Global
	GlobalSection(SolutionConfigurationPlatforms) = preSolution
		Debug|Any CPU = Debug|Any CPU
		Release|Any CPU = Release|Any CPU
	EndGlobalSection
	GlobalSection(ProjectConfigurationPlatforms) = postSolution
		{450000A1-0C15-4ECD-9C96-5F5DF2F5566C}.Debug|Any CPU.ActiveCfg = Debug|Any CPU
		{450000A1-0C15-4ECD-9C96-5F5DF2F5566C}.Debug|Any CPU.Build.0 = Debug|Any CPU
		{450000A1-0C15-4ECD-9C96-5F5DF2F5566C}.Release|Any CPU.ActiveCfg = Release|Any CPU
		{450000A1-0C15-4ECD-9C96-5F5DF2F5566C}.Release|Any CPU.Build.0 = Release|Any CPU
	EndGlobalSection
	GlobalSection(SolutionProperties) = preSolution
		HideSolutionNode = FALSE
	EndGlobalSection
	GlobalSection(ExtensibilityGlobals) = postSolution
		SolutionGuid = {3501EAA0-1FDC-4CDF-A708-20F6C9768D96}
	EndGlobalSection
EndGlobal
