
Microsoft Visual Studio Solution File, Format Version 12.00
# Visual Studio Version 17
VisualStudioVersion = 17.7.34031.279
MinimumVisualStudioVersion = 10.0.40219.1
Project("{FAE04EC0-301F-11D3-BF4B-00C04F79EFBC}") = "projet_pizza_v1", "projet_pizza_v1\projet_pizza_v1.csproj", "{3FFC9D2D-BAB4-4637-9A7D-B7532CCAD074}"
EndProject
Global
	GlobalSection(SolutionConfigurationPlatforms) = preSolution
		Debug|Any CPU = Debug|Any CPU
		Release|Any CPU = Release|Any CPU
	EndGlobalSection
	GlobalSection(ProjectConfigurationPlatforms) = postSolution
		{3FFC9D2D-BAB4-4637-9A7D-B7532CCAD074}.Debug|Any CPU.ActiveCfg = Debug|Any CPU
		{3FFC9D2D-BAB4-4637-9A7D-B7532CCAD074}.Debug|Any CPU.Build.0 = Debug|Any CPU
		{3FFC9D2D-BAB4-4637-9A7D-B7532CCAD074}.Release|Any CPU.ActiveCfg = Release|Any CPU
		{3FFC9D2D-BAB4-4637-9A7D-B7532CCAD074}.Release|Any CPU.Build.0 = Release|Any CPU
	EndGlobalSection
	GlobalSection(SolutionProperties) = preSolution
		HideSolutionNode = FALSE
	EndGlobalSection
	GlobalSection(ExtensibilityGlobals) = postSolution
		SolutionGuid = {603CBA5F-B918-4F36-A74B-4FC7FB2FFE7D}
	EndGlobalSection
EndGlobal
